// !$*UTF8*$!
{
	archiveVersion = 1;
	classes = {
	};
	objectVersion = 77;
	objects = {

/* Begin PBXContainerItemProxy section */
		45E226C030369E36000C3918 /* PBXContainerItemProxy */ = {
			isa = PBXContainerItemProxy;
			containerPortal = 45E226A830369E35000C3918 /* Project object */;
			proxyType = 1;
			remoteGlobalIDString = 45E226AF30369E35000C3918;
			remoteInfo = TmuxAgentWatch;
		};
		45E226CA30369E36000C3918 /* PBXContainerItemProxy */ = {
			isa = PBXContainerItemProxy;
			containerPortal = 45E226A830369E35000C3918 /* Project object */;
			proxyType = 1;
			remoteGlobalIDString = 45E226AF30369E35000C3918;
			remoteInfo = TmuxAgentWatch;
		};
/* End PBXContainerItemProxy section */

/* Begin PBXFileReference section */
		45E226B030369E35000C3918 /* Tmux Agent Watch.app */ = {isa = PBXFileReference; explicitFileType = wrapper.application; includeInIndex = 0; path = "Tmux Agent Watch.app"; sourceTree = BUILT_PRODUCTS_DIR; };
		45E226BF30369E36000C3918 /* TmuxAgentWatchTests.xctest */ = {isa = PBXFileReference; explicitFileType = wrapper.cfbundle; includeInIndex = 0; path = TmuxAgentWatchTests.xctest; sourceTree = BUILT_PRODUCTS_DIR; };
		45E226C930369E36000C3918 /* TmuxAgentWatchUITests.xctest */ = {isa = PBXFileReference; explicitFileType = wrapper.cfbundle; includeInIndex = 0; path = TmuxAgentWatchUITests.xctest; sourceTree = BUILT_PRODUCTS_DIR; };
/* End PBXFileReference section */

/* Begin PBXFileSystemSynchronizedBuildFileExceptionSet section */
		CA8B5A760AB347DFA134506E /* Exceptions for "TmuxAgentWatch" folder in "TmuxAgentWatch" target */ = {
			isa = PBXFileSystemSynchronizedBuildFileExceptionSet;
			membershipExceptions = (
				Info.plist,
			);
			target = 45E226AF30369E35000C3918 /* TmuxAgentWatch */;
		};
/* End PBXFileSystemSynchronizedBuildFileExceptionSet section */

/* Begin PBXFileSystemSynchronizedRootGroup section */
		45E226B230369E35000C3918 /* TmuxAgentWatch */ = {
			isa = PBXFileSystemSynchronizedRootGroup;
			exceptions = (
				CA8B5A760AB347DFA134506E /* Exceptions for "TmuxAgentWatch" folder in "TmuxAgentWatch" target */,
			);
			path = TmuxAgentWatch;
			sourceTree = "<group>";
		};
		45E226C230369E36000C3918 /* TmuxAgentWatchTests */ = {
			isa = PBXFileSystemSynchronizedRootGroup;
			path = TmuxAgentWatchTests;
			sourceTree = "<group>";
		};
		45E226CC30369E36000C3918 /* TmuxAgentWatchUITests */ = {
			isa = PBXFileSystemSynchronizedRootGroup;
			path = TmuxAgentWatchUITests;
			sourceTree = "<group>";
		};
/* End PBXFileSystemSynchronizedRootGroup section */

/* Begin PBXFrameworksBuildPhase section */
		45E226AD30369E35000C3918 /* Frameworks */ = {
			isa = PBXFrameworksBuildPhase;
			buildActionMask = 2147483647;
			files = (
			);
			runOnlyForDeploymentPostprocessing = 0;
		};
		45E226BC30369E36000C3918 /* Frameworks */ = {
			isa = PBXFrameworksBuildPhase;
			buildActionMask = 2147483647;
			files = (
			);
			runOnlyForDeploymentPostprocessing = 0;
		};
		45E226C630369E36000C3918 /* Frameworks */ = {
			isa = PBXFrameworksBuildPhase;
			buildActionMask = 2147483647;
			files = (
			);
			runOnlyForDeploymentPostprocessing = 0;
		};
/* End PBXFrameworksBuildPhase section */

/* Begin PBXGroup section */
		45E226A730369E35000C3918 = {
			isa = PBXGroup;
			children = (
				45E226B230369E35000C3918 /* TmuxAgentWatch */,
				45E226C230369E36000C3918 /* TmuxAgentWatchTests */,
				45E226CC30369E36000C3918 /* TmuxAgentWatchUITests */,
				45E226B130369E35000C3918 /* Products */,
			);
			sourceTree = "<group>";
		};
		45E226B130369E35000C3918 /* Products */ = {
			isa = PBXGroup;
			children = (
				45E226B030369E35000C3918 /* Tmux Agent Watch.app */,
				45E226BF30369E36000C3918 /* TmuxAgentWatchTests.xctest */,
				45E226C930369E36000C3918 /* TmuxAgentWatchUITests.xctest */,
			);
			name = Products;
			sourceTree = "<group>";
		};
/* End PBXGroup section */

/* Begin PBXNativeTarget section */
		45E226AF30369E35000C3918 /* TmuxAgentWatch */ = {
			isa = PBXNativeTarget;
			buildConfigurationList = 45E226D330369E36000C3918 /* Build configuration list for PBXNativeTarget "TmuxAgentWatch" */;
			buildPhases = (
				45E226AC30369E35000C3918 /* Sources */,
				45E226AD30369E35000C3918 /* Frameworks */,
				45E226AE30369E35000C3918 /* Resources */,
			);
			buildRules = (
			);
			dependencies = (
			);
			fileSystemSynchronizedGroups = (
				45E226B230369E35000C3918 /* TmuxAgentWatch */,
			);
			name = TmuxAgentWatch;
			packageProductDependencies = (
			);
			productName = TmuxAgentWatch;
			productReference = 45E226B030369E35000C3918 /* Tmux Agent Watch.app */;
			productType = "com.apple.product-type.application";
		};
		45E226BE30369E36000C3918 /* TmuxAgentWatchTests */ = {
			isa = PBXNativeTarget;
			buildConfigurationList = 45E226D630369E36000C3918 /* Build configuration list for PBXNativeTarget "TmuxAgentWatchTests" */;
			buildPhases = (
				45E226BB30369E36000C3918 /* Sources */,
				45E226BC30369E36000C3918 /* Frameworks */,
				45E226BD30369E36000C3918 /* Resources */,
			);
			buildRules = (
			);
			dependencies = (
				45E226C130369E36000C3918 /* PBXTargetDependency */,
			);
			fileSystemSynchronizedGroups = (
				45E226C230369E36000C3918 /* TmuxAgentWatchTests */,
			);
			name = TmuxAgentWatchTests;
			packageProductDependencies = (
			);
			productName = TmuxAgentWatchTests;
			productReference = 45E226BF30369E36000C3918 /* TmuxAgentWatchTests.xctest */;
			productType = "com.apple.product-type.bundle.unit-test";
		};
		45E226C830369E36000C3918 /* TmuxAgentWatchUITests */ = {
			isa = PBXNativeTarget;
			buildConfigurationList = 45E226D930369E36000C3918 /* Build configuration list for PBXNativeTarget "TmuxAgentWatchUITests" */;
			buildPhases = (
				45E226C530369E36000C3918 /* Sources */,
				45E226C630369E36000C3918 /* Frameworks */,
				45E226C730369E36000C3918 /* Resources */,
			);
			buildRules = (
			);
			dependencies = (
				45E226CB30369E36000C3918 /* PBXTargetDependency */,
			);
			fileSystemSynchronizedGroups = (
				45E226CC30369E36000C3918 /* TmuxAgentWatchUITests */,
			);
			name = TmuxAgentWatchUITests;
			packageProductDependencies = (
			);
			productName = TmuxAgentWatchUITests;
			productReference = 45E226C930369E36000C3918 /* TmuxAgentWatchUITests.xctest */;
			productType = "com.apple.product-type.bundle.ui-testing";
		};
/* End PBXNativeTarget section */

/* Begin PBXProject section */
		45E226A830369E35000C3918 /* Project object */ = {
			isa = PBXProject;
			attributes = {
				BuildIndependentTargetsInParallel = 1;
				LastSwiftUpdateCheck = 2660;
				LastUpgradeCheck = 2660;
				TargetAttributes = {
					45E226AF30369E35000C3918 = {
						CreatedOnToolsVersion = 26.6;
					};
					45E226BE30369E36000C3918 = {
						CreatedOnToolsVersion = 26.6;
						TestTargetID = 45E226AF30369E35000C3918;
					};
					45E226C830369E36000C3918 = {
						CreatedOnToolsVersion = 26.6;
						TestTargetID = 45E226AF30369E35000C3918;
					};
				};
			};
			buildConfigurationList = 45E226AB30369E35000C3918 /* Build configuration list for PBXProject "TmuxAgentWatch" */;
			developmentRegion = en;
			hasScannedForEncodings = 0;
			knownRegions = (
				en,
				Base,
				"zh-Hans",
			);
			mainGroup = 45E226A730369E35000C3918;
			minimizedProjectReferenceProxies = 1;
			preferredProjectObjectVersion = 77;
			productRefGroup = 45E226B130369E35000C3918 /* Products */;
			projectDirPath = "";
			projectRoot = "";
			targets = (
				45E226AF30369E35000C3918 /* TmuxAgentWatch */,
				45E226BE30369E36000C3918 /* TmuxAgentWatchTests */,
				45E226C830369E36000C3918 /* TmuxAgentWatchUITests */,
			);
		};
/* End PBXProject section */

/* Begin PBXResourcesBuildPhase section */
		45E226AE30369E35000C3918 /* Resources */ = {
			isa = PBXResourcesBuildPhase;
			buildActionMask = 2147483647;
			files = (
			);
			runOnlyForDeploymentPostprocessing = 0;
		};
		45E226BD30369E36000C3918 /* Resources */ = {
			isa = PBXResourcesBuildPhase;
			buildActionMask = 2147483647;
			files = (
			);
			runOnlyForDeploymentPostprocessing = 0;
		};
		45E226C730369E36000C3918 /* Resources */ = {
			isa = PBXResourcesBuildPhase;
			buildActionMask = 2147483647;
			files = (
			);
			runOnlyForDeploymentPostprocessing = 0;
		};
/* End PBXResourcesBuildPhase section */

/* Begin PBXSourcesBuildPhase section */
		45E226AC30369E35000C3918 /* Sources */ = {
			isa = PBXSourcesBuildPhase;
			buildActionMask = 2147483647;
			files = (
			);
			runOnlyForDeploymentPostprocessing = 0;
		};
		45E226BB30369E36000C3918 /* Sources */ = {
			isa = PBXSourcesBuildPhase;
			buildActionMask = 2147483647;
			files = (
			);
			runOnlyForDeploymentPostprocessing = 0;
		};
		45E226C530369E36000C3918 /* Sources */ = {
			isa = PBXSourcesBuildPhase;
			buildActionMask = 2147483647;
			files = (
			);
			runOnlyForDeploymentPostprocessing = 0;
		};
/* End PBXSourcesBuildPhase section */

/* Begin PBXTargetDependency section */
		45E226C130369E36000C3918 /* PBXTargetDependency */ = {
			isa = PBXTargetDependency;
			target = 45E226AF30369E35000C3918 /* TmuxAgentWatch */;
			targetProxy = 45E226C030369E36000C3918 /* PBXContainerItemProxy */;
		};
		45E226CB30369E36000C3918 /* PBXTargetDependency */ = {
			isa = PBXTargetDependency;
			target = 45E226AF30369E35000C3918 /* TmuxAgentWatch */;
			targetProxy = 45E226CA30369E36000C3918 /* PBXContainerItemProxy */;
		};
/* End PBXTargetDependency section */

/* Begin XCBuildConfiguration section */
		45E226D130369E36000C3918 /* Debug */ = {
			isa = XCBuildConfiguration;
			buildSettings = {
				ALWAYS_SEARCH_USER_PATHS = NO;
				ASSETCATALOG_COMPILER_GENERATE_SWIFT_ASSET_SYMBOL_EXTENSIONS = YES;
				CLANG_ANALYZER_NONNULL = YES;
				CLANG_ANALYZER_NUMBER_OBJECT_CONVERSION = YES_AGGRESSIVE;
				CLANG_CXX_LANGUAGE_STANDARD = "gnu++20";
				CLANG_ENABLE_MODULES = YES;
				CLANG_ENABLE_OBJC_ARC = YES;
				CLANG_ENABLE_OBJC_WEAK = YES;
				CLANG_WARN_BLOCK_CAPTURE_AUTORELEASING = YES;
				CLANG_WARN_BOOL_CONVERSION = YES;
				CLANG_WARN_COMMA = YES;
				CLANG_WARN_CONSTANT_CONVERSION = YES;
				CLANG_WARN_DEPRECATED_OBJC_IMPLEMENTATIONS = YES;
				CLANG_WARN_DIRECT_OBJC_ISA_USAGE = YES_ERROR;
				CLANG_WARN_DOCUMENTATION_COMMENTS = YES;
				CLANG_WARN_EMPTY_BODY = YES;
				CLANG_WARN_ENUM_CONVERSION = YES;
				CLANG_WARN_INFINITE_RECURSION = YES;
				CLANG_WARN_INT_CONVERSION = YES;
				CLANG_WARN_NON_LITERAL_NULL_CONVERSION = YES;
				CLANG_WARN_OBJC_IMPLICIT_RETAIN_SELF = YES;
				CLANG_WARN_OBJC_LITERAL_CONVERSION = YES;
				CLANG_WARN_OBJC_ROOT_CLASS = YES_ERROR;
				CLANG_WARN_QUOTED_INCLUDE_IN_FRAMEWORK_HEADER = YES;
				CLANG_WARN_RANGE_LOOP_ANALYSIS = YES;
				CLANG_WARN_STRICT_PROTOTYPES = YES;
				CLANG_WARN_SUSPICIOUS_MOVE = YES;
				CLANG_WARN_UNGUARDED_AVAILABILITY = YES_AGGRESSIVE;
				CLANG_WARN_UNREACHABLE_CODE = YES;
				CLANG_WARN__DUPLICATE_METHOD_MATCH = YES;
				COPY_PHASE_STRIP = NO;
				DEBUG_INFORMATION_FORMAT = dwarf;
				DEVELOPMENT_TEAM = 6GH7ZQN2GD;
				ENABLE_STRICT_OBJC_MSGSEND = YES;
				ENABLE_TESTABILITY = YES;
				ENABLE_USER_SCRIPT_SANDBOXING = YES;
				GCC_C_LANGUAGE_STANDARD = gnu17;
				GCC_DYNAMIC_NO_PIC = NO;
				GCC_NO_COMMON_BLOCKS = YES;
				GCC_OPTIMIZATION_LEVEL = 0;
				GCC_PREPROCESSOR_DEFINITIONS = (
					"DEBUG=1",
					"$(inherited)",
				);
				GCC_WARN_64_TO_32_BIT_CONVERSION = YES;
				GCC_WARN_ABOUT_RETURN_TYPE = YES_ERROR;
				GCC_WARN_UNDECLARED_SELECTOR = YES;
				GCC_WARN_UNINITIALIZED_AUTOS = YES_AGGRESSIVE;
				GCC_WARN_UNUSED_FUNCTION = YES;
				GCC_WARN_UNUSED_VARIABLE = YES;
				LOCALIZATION_PREFERS_STRING_CATALOGS = YES;
				MACOSX_DEPLOYMENT_TARGET = 26.5;
				MTL_ENABLE_DEBUG_INFO = INCLUDE_SOURCE;
				MTL_FAST_MATH = YES;
				ONLY_ACTIVE_ARCH = YES;
				SDKROOT = macosx;
				SWIFT_ACTIVE_COMPILATION_CONDITIONS = "DEBUG $(inherited)";
				SWIFT_OPTIMIZATION_LEVEL = "-Onone";
			};
			name = Debug;
		};
		45E226D230369E36000C3918 /* Release */ = {
			isa = XCBuildConfiguration;
			buildSettings = {
				ALWAYS_SEARCH_USER_PATHS = NO;
				ASSETCATALOG_COMPILER_GENERATE_SWIFT_ASSET_SYMBOL_EXTENSIONS = YES;
				CLANG_ANALYZER_NONNULL = YES;
				CLANG_ANALYZER_NUMBER_OBJECT_CONVERSION = YES_AGGRESSIVE;
				CLANG_CXX_LANGUAGE_STANDARD = "gnu++20";
				CLANG_ENABLE_MODULES = YES;
				CLANG_ENABLE_OBJC_ARC = YES;
				CLANG_ENABLE_OBJC_WEAK = YES;
				CLANG_WARN_BLOCK_CAPTURE_AUTORELEASING = YES;
				CLANG_WARN_BOOL_CONVERSION = YES;
				CLANG_WARN_COMMA = YES;
				CLANG_WARN_CONSTANT_CONVERSION = YES;
				CLANG_WARN_DEPRECATED_OBJC_IMPLEMENTATIONS = YES;
				CLANG_WARN_DIRECT_OBJC_ISA_USAGE = YES_ERROR;
				CLANG_WARN_DOCUMENTATION_COMMENTS = YES;
				CLANG_WARN_EMPTY_BODY = YES;
				CLANG_WARN_ENUM_CONVERSION = YES;
				CLANG_WARN_INFINITE_RECURSION = YES;
				CLANG_WARN_INT_CONVERSION = YES;
				CLANG_WARN_NON_LITERAL_NULL_CONVERSION = YES;
				CLANG_WARN_OBJC_IMPLICIT_RETAIN_SELF = YES;
				CLANG_WARN_OBJC_LITERAL_CONVERSION = YES;
				CLANG_WARN_OBJC_ROOT_CLASS = YES_ERROR;
				CLANG_WARN_QUOTED_INCLUDE_IN_FRAMEWORK_HEADER = YES;
				CLANG_WARN_RANGE_LOOP_ANALYSIS = YES;
				CLANG_WARN_STRICT_PROTOTYPES = YES;
				CLANG_WARN_SUSPICIOUS_MOVE = YES;
				CLANG_WARN_UNGUARDED_AVAILABILITY = YES_AGGRESSIVE;
				CLANG_WARN_UNREACHABLE_CODE = YES;
				CLANG_WARN__DUPLICATE_METHOD_MATCH = YES;
				COPY_PHASE_STRIP = NO;
				DEBUG_INFORMATION_FORMAT = "dwarf-with-dsym";
				DEVELOPMENT_TEAM = 6GH7ZQN2GD;
				ENABLE_NS_ASSERTIONS = NO;
				ENABLE_STRICT_OBJC_MSGSEND = YES;
				ENABLE_USER_SCRIPT_SANDBOXING = YES;
				GCC_C_LANGUAGE_STANDARD = gnu17;
				GCC_NO_COMMON_BLOCKS = YES;
				GCC_WARN_64_TO_32_BIT_CONVERSION = YES;
				GCC_WARN_ABOUT_RETURN_TYPE = YES_ERROR;
				GCC_WARN_UNDECLARED_SELECTOR = YES;
				GCC_WARN_UNINITIALIZED_AUTOS = YES_AGGRESSIVE;
				GCC_WARN_UNUSED_FUNCTION = YES;
				GCC_WARN_UNUSED_VARIABLE = YES;
				LOCALIZATION_PREFERS_STRING_CATALOGS = YES;
				MACOSX_DEPLOYMENT_TARGET = 26.5;
				MTL_ENABLE_DEBUG_INFO = NO;
				MTL_FAST_MATH = YES;
				SDKROOT = macosx;
				SWIFT_COMPILATION_MODE = wholemodule;
			};
			name = Release;
		};
		45E226D430369E36000C3918 /* Debug */ = {
			isa = XCBuildConfiguration;
			buildSettings = {
				ASSETCATALOG_COMPILER_APPICON_NAME = AppIcon;
				ASSETCATALOG_COMPILER_GLOBAL_ACCENT_COLOR_NAME = AccentColor;
				CODE_SIGN_STYLE = Automatic;
				COMBINE_HIDPI_IMAGES = YES;
				CURRENT_PROJECT_VERSION = 1;
				DEVELOPMENT_TEAM = 6GH7ZQN2GD;
				ENABLE_APP_SANDBOX = NO;
				ENABLE_HARDENED_RUNTIME = YES;
				ENABLE_PREVIEWS = YES;
				GENERATE_INFOPLIST_FILE = YES;
				INFOPLIST_FILE = TmuxAgentWatch/Info.plist;
				INFOPLIST_KEY_CFBundleDisplayName = "Tmux Agent Watch";
				INFOPLIST_KEY_NSHumanReadableCopyright = "";
				LD_RUNPATH_SEARCH_PATHS = (
					"$(inherited)",
					"@executable_path/../Frameworks",
				);
				MARKETING_VERSION = 1.0;
				PRODUCT_BUNDLE_IDENTIFIER = com.sjdhome.TmuxAgentWatch;
				PRODUCT_MODULE_NAME = TmuxAgentWatch;
				PRODUCT_NAME = "Tmux Agent Watch";
				STRING_CATALOG_GENERATE_SYMBOLS = YES;
				SWIFT_APPROACHABLE_CONCURRENCY = YES;
				SWIFT_DEFAULT_ACTOR_ISOLATION = MainActor;
				SWIFT_EMIT_LOC_STRINGS = YES;
				SWIFT_UPCOMING_FEATURE_MEMBER_IMPORT_VISIBILITY = YES;
				SWIFT_VERSION = 5.0;
			};
			name = Debug;
		};
		45E226D530369E36000C3918 /* Release */ = {
			isa = XCBuildConfiguration;
			buildSettings = {
				ASSETCATALOG_COMPILER_APPICON_NAME = AppIcon;
				ASSETCATALOG_COMPILER_GLOBAL_ACCENT_COLOR_NAME = AccentColor;
				CODE_SIGN_STYLE = Automatic;
				COMBINE_HIDPI_IMAGES = YES;
				CURRENT_PROJECT_VERSION = 1;
				DEVELOPMENT_TEAM = 6GH7ZQN2GD;
				ENABLE_APP_SANDBOX = NO;
				ENABLE_HARDENED_RUNTIME = YES;
				ENABLE_PREVIEWS = YES;
				GENERATE_INFOPLIST_FILE = YES;
				INFOPLIST_FILE = TmuxAgentWatch/Info.plist;
				INFOPLIST_KEY_CFBundleDisplayName = "Tmux Agent Watch";
				INFOPLIST_KEY_NSHumanReadableCopyright = "";
				LD_RUNPATH_SEARCH_PATHS = (
					"$(inherited)",
					"@executable_path/../Frameworks",
				);
				MARKETING_VERSION = 1.0;
				PRODUCT_BUNDLE_IDENTIFIER = com.sjdhome.TmuxAgentWatch;
				PRODUCT_MODULE_NAME = TmuxAgentWatch;
				PRODUCT_NAME = "Tmux Agent Watch";
				STRING_CATALOG_GENERATE_SYMBOLS = YES;
				SWIFT_APPROACHABLE_CONCURRENCY = YES;
				SWIFT_DEFAULT_ACTOR_ISOLATION = MainActor;
				SWIFT_EMIT_LOC_STRINGS = YES;
				SWIFT_UPCOMING_FEATURE_MEMBER_IMPORT_VISIBILITY = YES;
				SWIFT_VERSION = 5.0;
			};
			name = Release;
		};
		45E226D730369E36000C3918 /* Debug */ = {
			isa = XCBuildConfiguration;
			buildSettings = {
				BUNDLE_LOADER = "$(TEST_HOST)";
				CODE_SIGN_STYLE = Automatic;
				CURRENT_PROJECT_VERSION = 1;
				DEVELOPMENT_TEAM = 6GH7ZQN2GD;
				GENERATE_INFOPLIST_FILE = YES;
				MACOSX_DEPLOYMENT_TARGET = 26.5;
				MARKETING_VERSION = 1.0;
				PRODUCT_BUNDLE_IDENTIFIER = com.sjdhome.TmuxAgentWatchTests;
				PRODUCT_NAME = "$(TARGET_NAME)";
				STRING_CATALOG_GENERATE_SYMBOLS = NO;
				SWIFT_APPROACHABLE_CONCURRENCY = YES;
				SWIFT_EMIT_LOC_STRINGS = NO;
				SWIFT_UPCOMING_FEATURE_MEMBER_IMPORT_VISIBILITY = YES;
				SWIFT_VERSION = 5.0;
				TEST_HOST = "$(BUILT_PRODUCTS_DIR)/Tmux Agent Watch.app/$(BUNDLE_EXECUTABLE_FOLDER_PATH)/Tmux Agent Watch";
			};
			name = Debug;
		};
		45E226D830369E36000C3918 /* Release */ = {
			isa = XCBuildConfiguration;
			buildSettings = {
				BUNDLE_LOADER = "$(TEST_HOST)";
				CODE_SIGN_STYLE = Automatic;
				CURRENT_PROJECT_VERSION = 1;
				DEVELOPMENT_TEAM = 6GH7ZQN2GD;
				GENERATE_INFOPLIST_FILE = YES;
				MACOSX_DEPLOYMENT_TARGET = 26.5;
				MARKETING_VERSION = 1.0;
				PRODUCT_BUNDLE_IDENTIFIER = com.sjdhome.TmuxAgentWatchTests;
				PRODUCT_NAME = "$(TARGET_NAME)";
				STRING_CATALOG_GENERATE_SYMBOLS = NO;
				SWIFT_APPROACHABLE_CONCURRENCY = YES;
				SWIFT_EMIT_LOC_STRINGS = NO;
				SWIFT_UPCOMING_FEATURE_MEMBER_IMPORT_VISIBILITY = YES;
				SWIFT_VERSION = 5.0;
				TEST_HOST = "$(BUILT_PRODUCTS_DIR)/Tmux Agent Watch.app/$(BUNDLE_EXECUTABLE_FOLDER_PATH)/Tmux Agent Watch";
			};
			name = Release;
		};
		45E226DA30369E36000C3918 /* Debug */ = {
			isa = XCBuildConfiguration;
			buildSettings = {
				CODE_SIGN_STYLE = Automatic;
				CURRENT_PROJECT_VERSION = 1;
				DEVELOPMENT_TEAM = 6GH7ZQN2GD;
				GENERATE_INFOPLIST_FILE = YES;
				MARKETING_VERSION = 1.0;
				PRODUCT_BUNDLE_IDENTIFIER = com.sjdhome.TmuxAgentWatchUITests;
				PRODUCT_NAME = "$(TARGET_NAME)";
				STRING_CATALOG_GENERATE_SYMBOLS = NO;
				SWIFT_APPROACHABLE_CONCURRENCY = YES;
				SWIFT_EMIT_LOC_STRINGS = NO;
				SWIFT_UPCOMING_FEATURE_MEMBER_IMPORT_VISIBILITY = YES;
				SWIFT_VERSION = 5.0;
				TEST_TARGET_NAME = TmuxAgentWatch;
			};
			name = Debug;
		};
		45E226DB30369E36000C3918 /* Release */ = {
			isa = XCBuildConfiguration;
			buildSettings = {
				CODE_SIGN_STYLE = Automatic;
				CURRENT_PROJECT_VERSION = 1;
				DEVELOPMENT_TEAM = 6GH7ZQN2GD;
				GENERATE_INFOPLIST_FILE = YES;
				MARKETING_VERSION = 1.0;
				PRODUCT_BUNDLE_IDENTIFIER = com.sjdhome.TmuxAgentWatchUITests;
				PRODUCT_NAME = "$(TARGET_NAME)";
				STRING_CATALOG_GENERATE_SYMBOLS = NO;
				SWIFT_APPROACHABLE_CONCURRENCY = YES;
				SWIFT_EMIT_LOC_STRINGS = NO;
				SWIFT_UPCOMING_FEATURE_MEMBER_IMPORT_VISIBILITY = YES;
				SWIFT_VERSION = 5.0;
				TEST_TARGET_NAME = TmuxAgentWatch;
			};
			name = Release;
		};
/* End XCBuildConfiguration section */

/* Begin XCConfigurationList section */
		45E226AB30369E35000C3918 /* Build configuration list for PBXProject "TmuxAgentWatch" */ = {
			isa = XCConfigurationList;
			buildConfigurations = (
				45E226D130369E36000C3918 /* Debug */,
				45E226D230369E36000C3918 /* Release */,
			);
			defaultConfigurationIsVisible = 0;
			defaultConfigurationName = Release;
		};
		45E226D330369E36000C3918 /* Build configuration list for PBXNativeTarget "TmuxAgentWatch" */ = {
			isa = XCConfigurationList;
			buildConfigurations = (
				45E226D430369E36000C3918 /* Debug */,
				45E226D530369E36000C3918 /* Release */,
			);
			defaultConfigurationIsVisible = 0;
			defaultConfigurationName = Release;
		};
		45E226D630369E36000C3918 /* Build configuration list for PBXNativeTarget "TmuxAgentWatchTests" */ = {
			isa = XCConfigurationList;
			buildConfigurations = (
				45E226D730369E36000C3918 /* Debug */,
				45E226D830369E36000C3918 /* Release */,
			);
			defaultConfigurationIsVisible = 0;
			defaultConfigurationName = Release;
		};
		45E226D930369E36000C3918 /* Build configuration list for PBXNativeTarget "TmuxAgentWatchUITests" */ = {
			isa = XCConfigurationList;
			buildConfigurations = (
				45E226DA30369E36000C3918 /* Debug */,
				45E226DB30369E36000C3918 /* Release */,
			);
			defaultConfigurationIsVisible = 0;
			defaultConfigurationName = Release;
		};
/* End XCConfigurationList section */
	};
	rootObject = 45E226A830369E35000C3918 /* Project object */;
}
